
Microsoft Visual Studio Solution File, Format Version 12.00
# Visual Studio 15
Project("{FAE04EC0-301F-11D3-BF4B-00C04F79EFBC}") = "katas", "katas\katas.csproj", "{C41BFB51-F253-4E88-977B-136EAF4CA230}"
EndProject
Global
	GlobalSection(SolutionConfigurationPlatforms) = preSolution
		Debug|Any CPU = Debug|Any CPU
		Release|Any CPU = Release|Any CPU
	EndGlobalSection
	GlobalSection(ProjectConfigurationPlatforms) = postSolution
		{C41BFB51-F253-4E88-977B-136EAF4CA230}.Debug|Any CPU.ActiveCfg = Debug|Any CPU
		{C41BFB51-F253-4E88-977B-136EAF4CA230}.Debug|Any CPU.Build.0 = Debug|Any CPU
		{C41BFB51-F253-4E88-977B-136EAF4CA230}.Release|Any CPU.ActiveCfg = Release|Any CPU
		{C41BFB51-F253-4E88-977B-136EAF4CA230}.Release|Any CPU.Build.0 = Release|Any CPU
	EndGlobalSection
EndGlobal
